// !$*UTF8*$!
{
	archiveVersion = 1;
	classes = {
	};
	objectVersion = 46;
	objects = {

/* Begin PBXBuildFile section */
		93EC301B1EAE3A5000C6CC28 /* main.m in Sources */ = {isa = PBXBuildFile; fileRef = 93EC301A1EAE3A5000C6CC28 /* main.m */; };
		93EC301E1EAE3A5000C6CC28 /* AppDelegate.m in Sources */ = {isa = PBXBuildFile; fileRef = 93EC301D1EAE3A5000C6CC28 /* AppDelegate.m */; };
		93EC30211EAE3A5000C6CC28 /* ViewController.m in Sources */ = {isa = PBXBuildFile; fileRef = 93EC30201EAE3A5000C6CC28 /* ViewController.m */; };
		93EC30241EAE3A5000C6CC28 /* Main.storyboard in Resources */ = {isa = PBXBuildFile; fileRef = 93EC30221EAE3A5000C6CC28 /* Main.storyboard */; };
		93EC30261EAE3A5000C6CC28 /* Assets.xcassets in Resources */ = {isa = PBXBuildFile; fileRef = 93EC30251EAE3A5000C6CC28 /* Assets.xcassets */; };
		93EC30291EAE3A5000C6CC28 /* LaunchScreen.storyboard in Resources */ = {isa = PBXBuildFile; fileRef = 93EC30271EAE3A5000C6CC28 /* LaunchScreen.storyboard */; };
/* End PBXBuildFile section */

/* Begin PBXFileReference section */
		93EC30161EAE3A5000C6CC28 /* 生成二维码1.app */ = {isa = PBXFileReference; explicitFileType = wrapper.application; includeInIndex = 0; path = "生成二维码1.app"; sourceTree = BUILT_PRODUCTS_DIR; };
		93EC301A1EAE3A5000C6CC28 /* main.m */ = {isa = PBXFileReference; lastKnownFileType = sourcecode.c.objc; path = main.m; sourceTree = "<group>"; };
		93EC301C1EAE3A5000C6CC28 /* AppDelegate.h */ = {isa = PBXFileReference; lastKnownFileType = sourcecode.c.h; path = AppDelegate.h; sourceTree = "<group>"; };
		93EC301D1EAE3A5000C6CC28 /* AppDelegate.m */ = {isa = PBXFileReference; lastKnownFileType = sourcecode.c.objc; path = AppDelegate.m; sourceTree = "<group>"; };
		93EC301F1EAE3A5000C6CC28 /* ViewController.h */ = {isa = PBXFileReference; lastKnownFileType = sourcecode.c.h; path = ViewController.h; sourceTree = "<group>"; };
		93EC30201EAE3A5000C6CC28 /* ViewController.m */ = {isa = PBXFileReference; lastKnownFileType = sourcecode.c.objc; path = ViewController.m; sourceTree = "<group>"; };
		93EC30231EAE3A5000C6CC28 /* Base */ = {isa = PBXFileReference; lastKnownFileType = file.storyboard; name = Base; path = Base.lproj/Main.storyboard; sourceTree = "<group>"; };
		93EC30251EAE3A5000C6CC28 /* Assets.xcassets */ = {isa = PBXFileReference; lastKnownFileType = folder.assetcatalog; path = Assets.xcassets; sourceTree = "<group>"; };
		93EC30281EAE3A5000C6CC28 /* Base */ = {isa = PBXFileReference; lastKnownFileType = file.storyboard; name = Base; path = Base.lproj/LaunchScreen.storyboard; sourceTree = "<group>"; };
		93EC302A1EAE3A5000C6CC28 /* Info.plist */ = {isa = PBXFileReference; lastKnownFileType = text.plist.xml; path = Info.plist; sourceTree = "<group>"; };
/* End PBXFileReference section */

/* Begin PBXFrameworksBuildPhase section */
		93EC30131EAE3A5000C6CC28 /* Frameworks */ = {
			isa = PBXFrameworksBuildPhase;
			buildActionMask = 2147483647;
			files = (
			);
			runOnlyForDeploymentPostprocessing = 0;
		};
/* End PBXFrameworksBuildPhase section */

/* Begin PBXGroup section */
		93EC300D1EAE3A5000C6CC28 = {
			isa = PBXGroup;
			children = (
				93EC30181EAE3A5000C6CC28 /* 生成二维码1 */,
				93EC30171EAE3A5000C6CC28 /* Products */,
			);
			sourceTree = "<group>";
		};
		93EC30171EAE3A5000C6CC28 /* Products */ = {
			isa = PBXGroup;
			children = (
				93EC30161EAE3A5000C6CC28 /* 生成二维码1.app */,
			);
			name = Products;
			sourceTree = "<group>";
		};
		93EC30181EAE3A5000C6CC28 /* 生成二维码1 */ = {
			isa = PBXGroup;
			children = (
				93EC301C1EAE3A5000C6CC28 /* AppDelegate.h */,
				93EC301D1EAE3A5000C6CC28 /* AppDelegate.m */,
				93EC301F1EAE3A5000C6CC28 /* ViewController.h */,
				93EC30201EAE3A5000C6CC28 /* ViewController.m */,
				93EC30221EAE3A5000C6CC28 /* Main.storyboard */,
				93EC30251EAE3A5000C6CC28 /* Assets.xcassets */,
				93EC30271EAE3A5000C6CC28 /* LaunchScreen.storyboard */,
				93EC302A1EAE3A5000C6CC28 /* Info.plist */,
				93EC30191EAE3A5000C6CC28 /* Supporting Files */,
			);
			path = "生成二维码1";
			sourceTree = "<group>";
		};
		93EC30191EAE3A5000C6CC28 /* Supporting Files */ = {
			isa = PBXGroup;
			children = (
				93EC301A1EAE3A5000C6CC28 /* main.m */,
			);
			name = "Supporting Files";
			sourceTree = "<group>";
		};
/* End PBXGroup section */

/* Begin PBXNativeTarget section */
		93EC30151EAE3A5000C6CC28 /* 生成二维码1 */ = {
			isa = PBXNativeTarget;
			buildConfigurationList = 93EC302D1EAE3A5000C6CC28 /* Build configuration list for PBXNativeTarget "生成二维码1" */;
			buildPhases = (
				93EC30121EAE3A5000C6CC28 /* Sources */,
				93EC30131EAE3A5000C6CC28 /* Frameworks */,
				93EC30141EAE3A5000C6CC28 /* Resources */,
			);
			buildRules = (
			);
			dependencies = (
			);
			name = "生成二维码1";
			productName = "生成二维码1";
			productReference = 93EC30161EAE3A5000C6CC28 /* 生成二维码1.app */;
			productType = "com.apple.product-type.application";
		};
/* End PBXNativeTarget section */

/* Begin PBXProject section */
		93EC300E1EAE3A5000C6CC28 /* Project object */ = {
			isa = PBXProject;
			attributes = {
				LastUpgradeCheck = 0830;
				ORGANIZATIONNAME = kkx;
				TargetAttributes = {
					93EC30151EAE3A5000C6CC28 = {
						CreatedOnToolsVersion = 8.3.2;
						ProvisioningStyle = Automatic;
					};
				};
			};
			buildConfigurationList = 93EC30111EAE3A5000C6CC28 /* Build configuration list for PBXProject "生成二维码1" */;
			compatibilityVersion = "Xcode 3.2";
			developmentRegion = English;
			hasScannedForEncodings = 0;
			knownRegions = (
				en,
				Base,
			);
			mainGroup = 93EC300D1EAE3A5000C6CC28;
			productRefGroup = 93EC30171EAE3A5000C6CC28 /* Products */;
			projectDirPath = "";
			projectRoot = "";
			targets = (
				93EC30151EAE3A5000C6CC28 /* 生成二维码1 */,
			);
		};
/* End PBXProject section */

/* Begin PBXResourcesBuildPhase section */
		93EC30141EAE3A5000C6CC28 /* Resources */ = {
			isa = PBXResourcesBuildPhase;
			buildActionMask = 2147483647;
			files = (
				93EC30291EAE3A5000C6CC28 /* LaunchScreen.storyboard in Resources */,
				93EC30261EAE3A5000C6CC28 /* Assets.xcassets in Resources */,
				93EC30241EAE3A5000C6CC28 /* Main.storyboard in Resources */,
			);
			runOnlyForDeploymentPostprocessing = 0;
		};
/* End PBXResourcesBuildPhase section */

/* Begin PBXSourcesBuildPhase section */
		93EC30121EAE3A5000C6CC28 /* Sources */ = {
			isa = PBXSourcesBuildPhase;
			buildActionMask = 2147483647;
			files = (
				93EC30211EAE3A5000C6CC28 /* ViewController.m in Sources */,
				93EC301E1EAE3A5000C6CC28 /* AppDelegate.m in Sources */,
				93EC301B1EAE3A5000C6CC28 /* main.m in Sources */,
			);
			runOnlyForDeploymentPostprocessing = 0;
		};
/* End PBXSourcesBuildPhase section */

/* Begin PBXVariantGroup section */
		93EC30221EAE3A5000C6CC28 /* Main.storyboard */ = {
			isa = PBXVariantGroup;
			children = (
				93EC30231EAE3A5000C6CC28 /* Base */,
			);
			name = Main.storyboard;
			sourceTree = "<group>";
		};
		93EC30271EAE3A5000C6CC28 /* LaunchScreen.storyboard */ = {
			isa = PBXVariantGroup;
			children = (
				93EC30281EAE3A5000C6CC28 /* Base */,
			);
			name = LaunchScreen.storyboard;
			sourceTree = "<group>";
		};
/* End PBXVariantGroup section */

/* Begin XCBuildConfiguration section */
		93EC302B1EAE3A5000C6CC28 /* Debug */ = {
			isa = XCBuildConfiguration;
			buildSettings = {
				ALWAYS_SEARCH_USER_PATHS = NO;
				CLANG_ANALYZER_NONNULL = YES;
				CLANG_ANALYZER_NUMBER_OBJECT_CONVERSION = YES_AGGRESSIVE;
				CLANG_CXX_LANGUAGE_STANDARD = "gnu++0x";
				CLANG_CXX_LIBRARY = "libc++";
				CLANG_ENABLE_MODULES = YES;
				CLANG_ENABLE_OBJC_ARC = YES;
				CLANG_WARN_BOOL_CONVERSION = YES;
				CLANG_WARN_CONSTANT_CONVERSION = YES;
				CLANG_WARN_DIRECT_OBJC_ISA_USAGE = YES_ERROR;
				CLANG_WARN_DOCUMENTATION_COMMENTS = YES;
				CLANG_WARN_EMPTY_BODY = YES;
				CLANG_WARN_ENUM_CONVERSION = YES;
				CLANG_WARN_INFINITE_RECURSION = YES;
				CLANG_WARN_INT_CONVERSION = YES;
				CLANG_WARN_OBJC_ROOT_CLASS = YES_ERROR;
				CLANG_WARN_SUSPICIOUS_MOVE = YES;
				CLANG_WARN_UNREACHABLE_CODE = YES;
				CLANG_WARN__DUPLICATE_METHOD_MATCH = YES;
				"CODE_SIGN_IDENTITY[sdk=iphoneos*]" = "iPhone Developer";
				COPY_PHASE_STRIP = NO;
				DEBUG_INFORMATION_FORMAT = dwarf;
				ENABLE_STRICT_OBJC_MSGSEND = YES;
				ENABLE_TESTABILITY = YES;
				GCC_C_LANGUAGE_STANDARD = gnu99;
				GCC_DYNAMIC_NO_PIC = NO;
				GCC_NO_COMMON_BLOCKS = YES;
				GCC_OPTIMIZATION_LEVEL = 0;
				GCC_PREPROCESSOR_DEFINITIONS = (
					"DEBUG=1",
					"$(inherited)",
				);
				GCC_WARN_64_TO_32_BIT_CONVERSION = YES;
				GCC_WARN_ABOUT_RETURN_TYPE = YES_ERROR;
				GCC_WARN_UNDECLARED_SELECTOR = YES;
				GCC_WARN_UNINITIALIZED_AUTOS = YES_AGGRESSIVE;
				GCC_WARN_UNUSED_FUNCTION = YES;
				GCC_WARN_UNUSED_VARIABLE = YES;
				IPHONEOS_DEPLOYMENT_TARGET = 10.3;
				MTL_ENABLE_DEBUG_INFO = YES;
				ONLY_ACTIVE_ARCH = YES;
				SDKROOT = iphoneos;
				TARGETED_DEVICE_FAMILY = "1,2";
			};
			name = Debug;
		};
		93EC302C1EAE3A5000C6CC28 /* Release */ = {
			isa = XCBuildConfiguration;
			buildSettings = {
				ALWAYS_SEARCH_USER_PATHS = NO;
				CLANG_ANALYZER_NONNULL = YES;
				CLANG_ANALYZER_NUMBER_OBJECT_CONVERSION = YES_AGGRESSIVE;
				CLANG_CXX_LANGUAGE_STANDARD = "gnu++0x";
				CLANG_CXX_LIBRARY = "libc++";
				CLANG_ENABLE_MODULES = YES;
				CLANG_ENABLE_OBJC_ARC = YES;
				CLANG_WARN_BOOL_CONVERSION = YES;
				CLANG_WARN_CONSTANT_CONVERSION = YES;
				CLANG_WARN_DIRECT_OBJC_ISA_USAGE = YES_ERROR;
				CLANG_WARN_DOCUMENTATION_COMMENTS = YES;
				CLANG_WARN_EMPTY_BODY = YES;
				CLANG_WARN_ENUM_CONVERSION = YES;
				CLANG_WARN_INFINITE_RECURSION = YES;
				CLANG_WARN_INT_CONVERSION = YES;
				CLANG_WARN_OBJC_ROOT_CLASS = YES_ERROR;
				CLANG_WARN_SUSPICIOUS_MOVE = YES;
				CLANG_WARN_UNREACHABLE_CODE = YES;
				CLANG_WARN__DUPLICATE_METHOD_MATCH = YES;
				"CODE_SIGN_IDENTITY[sdk=iphoneos*]" = "iPhone Developer";
				COPY_PHASE_STRIP = NO;
				DEBUG_INFORMATION_FORMAT = "dwarf-with-dsym";
				ENABLE_NS_ASSERTIONS = NO;
				ENABLE_STRICT_OBJC_MSGSEND = YES;
				GCC_C_LANGUAGE_STANDARD = gnu99;
				GCC_NO_COMMON_BLOCKS = YES;
				GCC_WARN_64_TO_32_BIT_CONVERSION = YES;
				GCC_WARN_ABOUT_RETURN_TYPE = YES_ERROR;
				GCC_WARN_UNDECLARED_SELECTOR = YES;
				GCC_WARN_UNINITIALIZED_AUTOS = YES_AGGRESSIVE;
				GCC_WARN_UNUSED_FUNCTION = YES;
				GCC_WARN_UNUSED_VARIABLE = YES;
				IPHONEOS_DEPLOYMENT_TARGET = 10.3;
				MTL_ENABLE_DEBUG_INFO = NO;
				SDKROOT = iphoneos;
				TARGETED_DEVICE_FAMILY = "1,2";
				VALIDATE_PRODUCT = YES;
			};
			name = Release;
		};
		93EC302E1EAE3A5000C6CC28 /* Debug */ = {
			isa = XCBuildConfiguration;
			buildSettings = {
				ASSETCATALOG_COMPILER_APPICON_NAME = AppIcon;
				INFOPLIST_FILE = "生成二维码1/Info.plist";
				LD_RUNPATH_SEARCH_PATHS = "$(inherited) @executable_path/Frameworks";
				PRODUCT_BUNDLE_IDENTIFIER = "com.ru.-----1";
				PRODUCT_NAME = "$(TARGET_NAME)";
			};
			name = Debug;
		};
		93EC302F1EAE3A5000C6CC28 /* Release */ = {
			isa = XCBuildConfiguration;
			buildSettings = {
				ASSETCATALOG_COMPILER_APPICON_NAME = AppIcon;
				INFOPLIST_FILE = "生成二维码1/Info.plist";
				LD_RUNPATH_SEARCH_PATHS = "$(inherited) @executable_path/Frameworks";
				PRODUCT_BUNDLE_IDENTIFIER = "com.ru.-----1";
				PRODUCT_NAME = "$(TARGET_NAME)";
			};
			name = Release;
		};
/* End XCBuildConfiguration section */

/* Begin XCConfigurationList section */
		93EC30111EAE3A5000C6CC28 /* Build configuration list for PBXProject "生成二维码1" */ = {
			isa = XCConfigurationList;
			buildConfigurations = (
				93EC302B1EAE3A5000C6CC28 /* Debug */,
				93EC302C1EAE3A5000C6CC28 /* Release */,
			);
			defaultConfigurationIsVisible = 0;
			defaultConfigurationName = Release;
		};
		93EC302D1EAE3A5000C6CC28 /* Build configuration list for PBXNativeTarget "生成二维码1" */ = {
			isa = XCConfigurationList;
			buildConfigurations = (
				93EC302E1EAE3A5000C6CC28 /* Debug */,
				93EC302F1EAE3A5000C6CC28 /* Release */,
			);
			defaultConfigurationIsVisible = 0;
		};
/* End XCConfigurationList section */
	};
	rootObject = 93EC300E1EAE3A5000C6CC28 /* Project object */;
}
